
Microsoft Visual Studio Solution File, Format Version 12.00
# Visual Studio Version 16
VisualStudioVersion = 16.0.30413.136
MinimumVisualStudioVersion = 10.0.40219.1
Project("{FAE04EC0-301F-11D3-BF4B-00C04F79EFBC}") = "SortedListExample", "SortedListExample\SortedListExample.csproj", "{6F0ACA54-0274-4171-887B-44B8503103BF}"
EndProject
Global
	GlobalSection(SolutionConfigurationPlatforms) = preSolution
		Debug|Any CPU = Debug|Any CPU
		Release|Any CPU = Release|Any CPU
	EndGlobalSection
	GlobalSection(ProjectConfigurationPlatforms) = postSolution
		{6F0ACA54-0274-4171-887B-44B8503103BF}.Debug|Any CPU.ActiveCfg = Debug|Any CPU
		{6F0ACA54-0274-4171-887B-44B8503103BF}.Debug|Any CPU.Build.0 = Debug|Any CPU
		{6F0ACA54-0274-4171-887B-44B8503103BF}.Release|Any CPU.ActiveCfg = Release|Any CPU
		{6F0ACA54-0274-4171-887B-44B8503103BF}.Release|Any CPU.Build.0 = Release|Any CPU
	EndGlobalSection
	GlobalSection(SolutionProperties) = preSolution
		HideSolutionNode = FALSE
	EndGlobalSection
	GlobalSection(ExtensibilityGlobals) = postSolution
		SolutionGuid = {B3B48F31-7F4E-4773-AB63-7D2835B88F1B}
	EndGlobalSection
EndGlobal
