
Microsoft Visual Studio Solution File, Format Version 12.00
# Visual Studio Version 16
VisualStudioVersion = 16.0.30406.217
MinimumVisualStudioVersion = 10.0.40219.1
Project("{FAE04EC0-301F-11D3-BF4B-00C04F79EFBC}") = "CollectionsExample", "CollectionsExample\CollectionsExample.csproj", "{E558874C-E457-405F-B64B-8C384BFD0255}"
EndProject
Global
	GlobalSection(SolutionConfigurationPlatforms) = preSolution
		Debug|Any CPU = Debug|Any CPU
		Release|Any CPU = Release|Any CPU
	EndGlobalSection
	GlobalSection(ProjectConfigurationPlatforms) = postSolution
		{E558874C-E457-405F-B64B-8C384BFD0255}.Debug|Any CPU.ActiveCfg = Debug|Any CPU
		{E558874C-E457-405F-B64B-8C384BFD0255}.Debug|Any CPU.Build.0 = Debug|Any CPU
		{E558874C-E457-405F-B64B-8C384BFD0255}.Release|Any CPU.ActiveCfg = Release|Any CPU
		{E558874C-E457-405F-B64B-8C384BFD0255}.Release|Any CPU.Build.0 = Release|Any CPU
	EndGlobalSection
	GlobalSection(SolutionProperties) = preSolution
		HideSolutionNode = FALSE
	EndGlobalSection
	GlobalSection(ExtensibilityGlobals) = postSolution
		SolutionGuid = {59833DD2-8DB1-4AE8-A4E6-C697240CA260}
	EndGlobalSection
EndGlobal
