
Microsoft Visual Studio Solution File, Format Version 12.00
# Visual Studio Version 16
VisualStudioVersion = 16.0.30413.136
MinimumVisualStudioVersion = 10.0.40219.1
Project("{FAE04EC0-301F-11D3-BF4B-00C04F79EFBC}") = "GenericMethodsExample", "GenericMethodsExample\GenericMethodsExample.csproj", "{6783B5FA-A04E-4D10-A3F2-51625630BD2F}"
EndProject
Project("{FAE04EC0-301F-11D3-BF4B-00C04F79EFBC}") = "ClassLibrary1", "ClassLibrary1\ClassLibrary1.csproj", "{53CFC1B4-85EF-42C9-B9C2-D705AEACD4B6}"
EndProject
Global
	GlobalSection(SolutionConfigurationPlatforms) = preSolution
		Debug|Any CPU = Debug|Any CPU
		Release|Any CPU = Release|Any CPU
	EndGlobalSection
	GlobalSection(ProjectConfigurationPlatforms) = postSolution
		{6783B5FA-A04E-4D10-A3F2-51625630BD2F}.Debug|Any CPU.ActiveCfg = Debug|Any CPU
		{6783B5FA-A04E-4D10-A3F2-51625630BD2F}.Debug|Any CPU.Build.0 = Debug|Any CPU
		{6783B5FA-A04E-4D10-A3F2-51625630BD2F}.Release|Any CPU.ActiveCfg = Release|Any CPU
		{6783B5FA-A04E-4D10-A3F2-51625630BD2F}.Release|Any CPU.Build.0 = Release|Any CPU
		{53CFC1B4-85EF-42C9-B9C2-D705AEACD4B6}.Debug|Any CPU.ActiveCfg = Debug|Any CPU
		{53CFC1B4-85EF-42C9-B9C2-D705AEACD4B6}.Debug|Any CPU.Build.0 = Debug|Any CPU
		{53CFC1B4-85EF-42C9-B9C2-D705AEACD4B6}.Release|Any CPU.ActiveCfg = Release|Any CPU
		{53CFC1B4-85EF-42C9-B9C2-D705AEACD4B6}.Release|Any CPU.Build.0 = Release|Any CPU
	EndGlobalSection
	GlobalSection(SolutionProperties) = preSolution
		HideSolutionNode = FALSE
	EndGlobalSection
	GlobalSection(ExtensibilityGlobals) = postSolution
		SolutionGuid = {8FF669B6-0F6E-477C-BA41-654A6523C3A6}
	EndGlobalSection
EndGlobal
