
Microsoft Visual Studio Solution File, Format Version 12.00
# Visual Studio Version 16
VisualStudioVersion = 16.0.30406.217
MinimumVisualStudioVersion = 10.0.40219.1
Project("{FAE04EC0-301F-11D3-BF4B-00C04F79EFBC}") = "JaggedArraysExample", "JaggedArraysExample\JaggedArraysExample.csproj", "{D1D56977-3653-4F02-9BCB-3483D65AABC0}"
EndProject
Global
	GlobalSection(SolutionConfigurationPlatforms) = preSolution
		Debug|Any CPU = Debug|Any CPU
		Release|Any CPU = Release|Any CPU
	EndGlobalSection
	GlobalSection(ProjectConfigurationPlatforms) = postSolution
		{D1D56977-3653-4F02-9BCB-3483D65AABC0}.Debug|Any CPU.ActiveCfg = Debug|Any CPU
		{D1D56977-3653-4F02-9BCB-3483D65AABC0}.Debug|Any CPU.Build.0 = Debug|Any CPU
		{D1D56977-3653-4F02-9BCB-3483D65AABC0}.Release|Any CPU.ActiveCfg = Release|Any CPU
		{D1D56977-3653-4F02-9BCB-3483D65AABC0}.Release|Any CPU.Build.0 = Release|Any CPU
	EndGlobalSection
	GlobalSection(SolutionProperties) = preSolution
		HideSolutionNode = FALSE
	EndGlobalSection
	GlobalSection(ExtensibilityGlobals) = postSolution
		SolutionGuid = {AE02CC27-E142-4BB3-9AB9-4988D567941E}
	EndGlobalSection
EndGlobal
