
Microsoft Visual Studio Solution File, Format Version 12.00
# Visual Studio Version 16
VisualStudioVersion = 16.0.30320.27
MinimumVisualStudioVersion = 10.0.40219.1
Project("{FAE04EC0-301F-11D3-BF4B-00C04F79EFBC}") = "ConsoleApp1", "ConsoleApp1\ConsoleApp1.csproj", "{EA44B67D-1F6F-4CD7-B49B-7C4F8AE3F48E}"
EndProject
Global
	GlobalSection(SolutionConfigurationPlatforms) = preSolution
		Debug|Any CPU = Debug|Any CPU
		Release|Any CPU = Release|Any CPU
	EndGlobalSection
	GlobalSection(ProjectConfigurationPlatforms) = postSolution
		{EA44B67D-1F6F-4CD7-B49B-7C4F8AE3F48E}.Debug|Any CPU.ActiveCfg = Debug|Any CPU
		{EA44B67D-1F6F-4CD7-B49B-7C4F8AE3F48E}.Debug|Any CPU.Build.0 = Debug|Any CPU
		{EA44B67D-1F6F-4CD7-B49B-7C4F8AE3F48E}.Release|Any CPU.ActiveCfg = Release|Any CPU
		{EA44B67D-1F6F-4CD7-B49B-7C4F8AE3F48E}.Release|Any CPU.Build.0 = Release|Any CPU
	EndGlobalSection
	GlobalSection(SolutionProperties) = preSolution
		HideSolutionNode = FALSE
	EndGlobalSection
	GlobalSection(ExtensibilityGlobals) = postSolution
		SolutionGuid = {C879F52E-0616-4E96-8A71-B1BE31586C6B}
	EndGlobalSection
EndGlobal
