
Microsoft Visual Studio Solution File, Format Version 12.00
# Visual Studio Version 16
VisualStudioVersion = 16.0.30413.136
MinimumVisualStudioVersion = 10.0.40219.1
Project("{FAE04EC0-301F-11D3-BF4B-00C04F79EFBC}") = "NullableTypesExample", "NullableTypesExample\NullableTypesExample.csproj", "{21F63F6D-D64A-4788-B490-503CDB7FAF13}"
EndProject
Project("{FAE04EC0-301F-11D3-BF4B-00C04F79EFBC}") = "ClassLibrary1", "ClassLibrary1\ClassLibrary1.csproj", "{93200993-49F2-4B53-8FED-98B0E271577E}"
EndProject
Global
	GlobalSection(SolutionConfigurationPlatforms) = preSolution
		Debug|Any CPU = Debug|Any CPU
		Release|Any CPU = Release|Any CPU
	EndGlobalSection
	GlobalSection(ProjectConfigurationPlatforms) = postSolution
		{21F63F6D-D64A-4788-B490-503CDB7FAF13}.Debug|Any CPU.ActiveCfg = Debug|Any CPU
		{21F63F6D-D64A-4788-B490-503CDB7FAF13}.Debug|Any CPU.Build.0 = Debug|Any CPU
		{21F63F6D-D64A-4788-B490-503CDB7FAF13}.Release|Any CPU.ActiveCfg = Release|Any CPU
		{21F63F6D-D64A-4788-B490-503CDB7FAF13}.Release|Any CPU.Build.0 = Release|Any CPU
		{93200993-49F2-4B53-8FED-98B0E271577E}.Debug|Any CPU.ActiveCfg = Debug|Any CPU
		{93200993-49F2-4B53-8FED-98B0E271577E}.Debug|Any CPU.Build.0 = Debug|Any CPU
		{93200993-49F2-4B53-8FED-98B0E271577E}.Release|Any CPU.ActiveCfg = Release|Any CPU
		{93200993-49F2-4B53-8FED-98B0E271577E}.Release|Any CPU.Build.0 = Release|Any CPU
	EndGlobalSection
	GlobalSection(SolutionProperties) = preSolution
		HideSolutionNode = FALSE
	EndGlobalSection
	GlobalSection(ExtensibilityGlobals) = postSolution
		SolutionGuid = {102D048F-A411-4966-A226-DD1485EBCAB7}
	EndGlobalSection
EndGlobal
