
Microsoft Visual Studio Solution File, Format Version 12.00
# Visual Studio Version 16
VisualStudioVersion = 16.0.30413.136
MinimumVisualStudioVersion = 10.0.40219.1
Project("{FAE04EC0-301F-11D3-BF4B-00C04F79EFBC}") = "OneToManyExample", "OneToManyExample\OneToManyExample.csproj", "{2325F7E2-37A9-4373-B11F-F32A23FF0CCB}"
EndProject
Project("{FAE04EC0-301F-11D3-BF4B-00C04F79EFBC}") = "ClassLibrary1", "ClassLibrary1\ClassLibrary1.csproj", "{3B48FCEC-CF2D-47BF-B4E3-F949A4DD3A52}"
EndProject
Global
	GlobalSection(SolutionConfigurationPlatforms) = preSolution
		Debug|Any CPU = Debug|Any CPU
		Release|Any CPU = Release|Any CPU
	EndGlobalSection
	GlobalSection(ProjectConfigurationPlatforms) = postSolution
		{2325F7E2-37A9-4373-B11F-F32A23FF0CCB}.Debug|Any CPU.ActiveCfg = Debug|Any CPU
		{2325F7E2-37A9-4373-B11F-F32A23FF0CCB}.Debug|Any CPU.Build.0 = Debug|Any CPU
		{2325F7E2-37A9-4373-B11F-F32A23FF0CCB}.Release|Any CPU.ActiveCfg = Release|Any CPU
		{2325F7E2-37A9-4373-B11F-F32A23FF0CCB}.Release|Any CPU.Build.0 = Release|Any CPU
		{3B48FCEC-CF2D-47BF-B4E3-F949A4DD3A52}.Debug|Any CPU.ActiveCfg = Debug|Any CPU
		{3B48FCEC-CF2D-47BF-B4E3-F949A4DD3A52}.Debug|Any CPU.Build.0 = Debug|Any CPU
		{3B48FCEC-CF2D-47BF-B4E3-F949A4DD3A52}.Release|Any CPU.ActiveCfg = Release|Any CPU
		{3B48FCEC-CF2D-47BF-B4E3-F949A4DD3A52}.Release|Any CPU.Build.0 = Release|Any CPU
	EndGlobalSection
	GlobalSection(SolutionProperties) = preSolution
		HideSolutionNode = FALSE
	EndGlobalSection
	GlobalSection(ExtensibilityGlobals) = postSolution
		SolutionGuid = {1ECA50DF-B108-4B2B-A10F-4FA07BCC9C99}
	EndGlobalSection
EndGlobal
