
Microsoft Visual Studio Solution File, Format Version 12.00
# Visual Studio Version 16
VisualStudioVersion = 16.0.30413.136
MinimumVisualStudioVersion = 10.0.40219.1
Project("{FAE04EC0-301F-11D3-BF4B-00C04F79EFBC}") = "GCExample", "GCExample\GCExample.csproj", "{7B92BA6C-8316-4499-B5FE-61F9F8873837}"
EndProject
Global
	GlobalSection(SolutionConfigurationPlatforms) = preSolution
		Debug|Any CPU = Debug|Any CPU
		Release|Any CPU = Release|Any CPU
	EndGlobalSection
	GlobalSection(ProjectConfigurationPlatforms) = postSolution
		{7B92BA6C-8316-4499-B5FE-61F9F8873837}.Debug|Any CPU.ActiveCfg = Debug|Any CPU
		{7B92BA6C-8316-4499-B5FE-61F9F8873837}.Debug|Any CPU.Build.0 = Debug|Any CPU
		{7B92BA6C-8316-4499-B5FE-61F9F8873837}.Release|Any CPU.ActiveCfg = Release|Any CPU
		{7B92BA6C-8316-4499-B5FE-61F9F8873837}.Release|Any CPU.Build.0 = Release|Any CPU
	EndGlobalSection
	GlobalSection(SolutionProperties) = preSolution
		HideSolutionNode = FALSE
	EndGlobalSection
	GlobalSection(ExtensibilityGlobals) = postSolution
		SolutionGuid = {EF61DF40-2D2D-4313-AE86-368C0CDEA978}
	EndGlobalSection
EndGlobal
