
Microsoft Visual Studio Solution File, Format Version 12.00
# Visual Studio Version 16
VisualStudioVersion = 16.0.30621.155
MinimumVisualStudioVersion = 10.0.40219.1
Project("{FAE04EC0-301F-11D3-BF4B-00C04F79EFBC}") = "TransactionsExample", "TransactionsExample\TransactionsExample.csproj", "{60C8AAB9-1619-4D21-99F6-9D4F9046F1AD}"
EndProject
Global
	GlobalSection(SolutionConfigurationPlatforms) = preSolution
		Debug|Any CPU = Debug|Any CPU
		Release|Any CPU = Release|Any CPU
	EndGlobalSection
	GlobalSection(ProjectConfigurationPlatforms) = postSolution
		{60C8AAB9-1619-4D21-99F6-9D4F9046F1AD}.Debug|Any CPU.ActiveCfg = Debug|Any CPU
		{60C8AAB9-1619-4D21-99F6-9D4F9046F1AD}.Debug|Any CPU.Build.0 = Debug|Any CPU
		{60C8AAB9-1619-4D21-99F6-9D4F9046F1AD}.Release|Any CPU.ActiveCfg = Release|Any CPU
		{60C8AAB9-1619-4D21-99F6-9D4F9046F1AD}.Release|Any CPU.Build.0 = Release|Any CPU
	EndGlobalSection
	GlobalSection(SolutionProperties) = preSolution
		HideSolutionNode = FALSE
	EndGlobalSection
	GlobalSection(ExtensibilityGlobals) = postSolution
		SolutionGuid = {E27E49A3-C658-4F9A-B378-877BB91FA00B}
	EndGlobalSection
EndGlobal
