
Microsoft Visual Studio Solution File, Format Version 12.00
# Visual Studio Version 16
VisualStudioVersion = 16.0.30413.136
MinimumVisualStudioVersion = 10.0.40219.1
Project("{FAE04EC0-301F-11D3-BF4B-00C04F79EFBC}") = "LinqExample", "LinqExample\LinqExample.csproj", "{12C874E1-D0B4-451B-8B09-FF967DCA5A9F}"
EndProject
Project("{FAE04EC0-301F-11D3-BF4B-00C04F79EFBC}") = "ClassLibrary1", "ClassLibrary1\ClassLibrary1.csproj", "{F674A213-9504-439D-9593-3FF6F6DE52C9}"
EndProject
Global
	GlobalSection(SolutionConfigurationPlatforms) = preSolution
		Debug|Any CPU = Debug|Any CPU
		Release|Any CPU = Release|Any CPU
	EndGlobalSection
	GlobalSection(ProjectConfigurationPlatforms) = postSolution
		{12C874E1-D0B4-451B-8B09-FF967DCA5A9F}.Debug|Any CPU.ActiveCfg = Debug|Any CPU
		{12C874E1-D0B4-451B-8B09-FF967DCA5A9F}.Debug|Any CPU.Build.0 = Debug|Any CPU
		{12C874E1-D0B4-451B-8B09-FF967DCA5A9F}.Release|Any CPU.ActiveCfg = Release|Any CPU
		{12C874E1-D0B4-451B-8B09-FF967DCA5A9F}.Release|Any CPU.Build.0 = Release|Any CPU
		{F674A213-9504-439D-9593-3FF6F6DE52C9}.Debug|Any CPU.ActiveCfg = Debug|Any CPU
		{F674A213-9504-439D-9593-3FF6F6DE52C9}.Debug|Any CPU.Build.0 = Debug|Any CPU
		{F674A213-9504-439D-9593-3FF6F6DE52C9}.Release|Any CPU.ActiveCfg = Release|Any CPU
		{F674A213-9504-439D-9593-3FF6F6DE52C9}.Release|Any CPU.Build.0 = Release|Any CPU
	EndGlobalSection
	GlobalSection(SolutionProperties) = preSolution
		HideSolutionNode = FALSE
	EndGlobalSection
	GlobalSection(ExtensibilityGlobals) = postSolution
		SolutionGuid = {AAA08728-70A1-46EC-96AF-5BA2734ACFBC}
	EndGlobalSection
EndGlobal
